
Microsoft Visual Studio Solution File, Format Version 12.00
# Visual Studio 2012
Project("{FAE04EC0-301F-11D3-BF4B-00C04F79EFBC}") = "MyBlogSite", "MyBlogSite\MyBlogSite.csproj", "{19378FA4-187B-4CF3-8920-75967DCBEF19}"
EndProject
Project("{FAE04EC0-301F-11D3-BF4B-00C04F79EFBC}") = "MyBlogSite.Tests", "MyBlogSite.Tests\MyBlogSite.Tests.csproj", "{80DAB9FE-EB64-4CB1-8E79-C45238FB465A}"
EndProject
Global
	GlobalSection(SolutionConfigurationPlatforms) = preSolution
		Debug|Any CPU = Debug|Any CPU
		Release|Any CPU = Release|Any CPU
	EndGlobalSection
	GlobalSection(ProjectConfigurationPlatforms) = postSolution
		{19378FA4-187B-4CF3-8920-75967DCBEF19}.Debug|Any CPU.ActiveCfg = Debug|Any CPU
		{19378FA4-187B-4CF3-8920-75967DCBEF19}.Debug|Any CPU.Build.0 = Debug|Any CPU
		{19378FA4-187B-4CF3-8920-75967DCBEF19}.Release|Any CPU.ActiveCfg = Release|Any CPU
		{19378FA4-187B-4CF3-8920-75967DCBEF19}.Release|Any CPU.Build.0 = Release|Any CPU
		{80DAB9FE-EB64-4CB1-8E79-C45238FB465A}.Debug|Any CPU.ActiveCfg = Debug|Any CPU
		{80DAB9FE-EB64-4CB1-8E79-C45238FB465A}.Debug|Any CPU.Build.0 = Debug|Any CPU
		{80DAB9FE-EB64-4CB1-8E79-C45238FB465A}.Release|Any CPU.ActiveCfg = Release|Any CPU
		{80DAB9FE-EB64-4CB1-8E79-C45238FB465A}.Release|Any CPU.Build.0 = Release|Any CPU
	EndGlobalSection
	GlobalSection(SolutionProperties) = preSolution
		HideSolutionNode = FALSE
	EndGlobalSection
EndGlobal
